
Microsoft Visual Studio Solution File, Format Version 12.00
# Visual Studio Version 17
VisualStudioVersion = 17.7.34221.43
MinimumVisualStudioVersion = 10.0.40219.1
Project("{FAE04EC0-301F-11D3-BF4B-00C04F79EFBC}") = "Лаб 1", "Лаб 1\Лаб 1.csproj", "{2342C03F-1E4B-4B6F-8DF2-22936F3866A7}"
EndProject
Global
	GlobalSection(SolutionConfigurationPlatforms) = preSolution
		Debug|Any CPU = Debug|Any CPU
		Release|Any CPU = Release|Any CPU
	EndGlobalSection
	GlobalSection(ProjectConfigurationPlatforms) = postSolution
		{2342C03F-1E4B-4B6F-8DF2-22936F3866A7}.Debug|Any CPU.ActiveCfg = Debug|Any CPU
		{2342C03F-1E4B-4B6F-8DF2-22936F3866A7}.Debug|Any CPU.Build.0 = Debug|Any CPU
		{2342C03F-1E4B-4B6F-8DF2-22936F3866A7}.Release|Any CPU.ActiveCfg = Release|Any CPU
		{2342C03F-1E4B-4B6F-8DF2-22936F3866A7}.Release|Any CPU.Build.0 = Release|Any CPU
	EndGlobalSection
	GlobalSection(SolutionProperties) = preSolution
		HideSolutionNode = FALSE
	EndGlobalSection
	GlobalSection(ExtensibilityGlobals) = postSolution
		SolutionGuid = {FB6F2808-E4C2-4871-82C0-C60D62997AB8}
	EndGlobalSection
EndGlobal
